
Microsoft Visual Studio Solution File, Format Version 12.00
# Visual Studio 15
VisualStudioVersion = 15.0.27703.2035
MinimumVisualStudioVersion = 10.0.40219.1
Project("{FAE04EC0-301F-11D3-BF4B-00C04F79EFBC}") = "Homepage", "Homepage\Homepage.csproj", "{84BC5CB5-12AD-4EF6-9C7A-66C4D2854F28}"
EndProject
Project("{E53339B2-1760-4266-BCC7-CA923CBCF16C}") = "docker-compose", "docker-compose.dcproj", "{3682831B-FA38-4B6B-AC1E-4E2FF0416006}"
EndProject
Global
	GlobalSection(SolutionConfigurationPlatforms) = preSolution
		Debug|Any CPU = Debug|Any CPU
		Release|Any CPU = Release|Any CPU
	EndGlobalSection
	GlobalSection(ProjectConfigurationPlatforms) = postSolution
		{84BC5CB5-12AD-4EF6-9C7A-66C4D2854F28}.Debug|Any CPU.ActiveCfg = Debug|Any CPU
		{84BC5CB5-12AD-4EF6-9C7A-66C4D2854F28}.Debug|Any CPU.Build.0 = Debug|Any CPU
		{84BC5CB5-12AD-4EF6-9C7A-66C4D2854F28}.Release|Any CPU.ActiveCfg = Release|Any CPU
		{84BC5CB5-12AD-4EF6-9C7A-66C4D2854F28}.Release|Any CPU.Build.0 = Release|Any CPU
		{3682831B-FA38-4B6B-AC1E-4E2FF0416006}.Debug|Any CPU.ActiveCfg = Debug|Any CPU
		{3682831B-FA38-4B6B-AC1E-4E2FF0416006}.Debug|Any CPU.Build.0 = Debug|Any CPU
		{3682831B-FA38-4B6B-AC1E-4E2FF0416006}.Release|Any CPU.ActiveCfg = Release|Any CPU
		{3682831B-FA38-4B6B-AC1E-4E2FF0416006}.Release|Any CPU.Build.0 = Release|Any CPU
	EndGlobalSection
	GlobalSection(SolutionProperties) = preSolution
		HideSolutionNode = FALSE
	EndGlobalSection
	GlobalSection(ExtensibilityGlobals) = postSolution
		SolutionGuid = {53933588-E4A2-4A6C-BE35-26E44DB9E42C}
	EndGlobalSection
EndGlobal
